{
    "_readme": [
        "This file locks the dependencies of your project to a known state",
        "Read more about it at https://getcomposer.org/doc/01-basic-usage.md#installing-dependencies",
        "This file is @generated automatically"
    ],
    "content-hash": "b3d3d4ff612d4234c41ccb4cf0c3e819",
    "packages": [
        {
            "name": "sockeon/sockeon",
            "version": "v2.3.1",
            "source": {
                "type": "git",
                "url": "https://github.com/sockeon/sockeon.git",
                "reference": "d9c61a47a6adae05dfaa4c03ddcc30a1190bf6c0"
            },
            "dist": {
                "type": "zip",
                "url": "https://api.github.com/repos/sockeon/sockeon/zipball/d9c61a47a6adae05dfaa4c03ddcc30a1190bf6c0",
                "reference": "d9c61a47a6adae05dfaa4c03ddcc30a1190bf6c0",
                "shasum": ""
            },
            "require": {
                "ext-openssl": "*",
                "ext-sockets": "*",
                "php": ">=8.0"
            },
            "require-dev": {
                "pestphp/pest": "^3.8",
                "phpstan/phpstan": "^2.1"
            },
            "type": "library",
            "autoload": {
                "psr-4": {
                    "Sockeon\\Sockeon\\": "src/"
                }
            },
            "notification-url": "https://packagist.org/downloads/",
            "license": [
                "MIT"
            ],
            "authors": [
                {
                    "name": "xentixar",
                    "email": "xentixar@gmail.com"
                }
            ],
            "description": "Framework-agnostic PHP WebSocket and HTTP server library with attribute-based routing and support for namespaces and rooms.",
            "keywords": [
                "Socket",
                "event-driven",
                "framework-agnostic",
                "http",
                "https",
                "laravel",
                "php",
                "realtime",
                "symfony",
                "websocket"
            ],
            "support": {
                "issues": "https://github.com/sockeon/sockeon/issues",
                "source": "https://github.com/sockeon/sockeon/tree/v2.3.1"
            },
            "time": "2026-01-03T13:19:09+00:00"
        }
    ],
    "packages-dev": [],
    "aliases": [],
    "minimum-stability": "stable",
    "stability-flags": {},
    "prefer-stable": false,
    "prefer-lowest": false,
    "platform": {},
    "platform-dev": {},
    "plugin-api-version": "2.6.0"
}
